
Microsoft Visual Studio Solution File, Format Version 12.00
# Visual Studio Version 17
VisualStudioVersion = 17.14.36203.30 d17.14
MinimumVisualStudioVersion = 10.0.40219.1
Project("{FAE04EC0-301F-11D3-BF4B-00C04F79EFBC}") = "Catalogo", "Catalogo\Catalogo.csproj", "{22F1BD64-06BC-4483-BC72-FAD580EA9B49}"
EndProject
Project("{FAE04EC0-301F-11D3-BF4B-00C04F79EFBC}") = "Ordenes", "Ordenes\Ordenes.csproj", "{EE1EC716-C316-49A1-98E4-D9E01A783068}"
EndProject
Project("{FAE04EC0-301F-11D3-BF4B-00C04F79EFBC}") = "ApiGateway", "ApiGateway\ApiGateway.csproj", "{C67F96DB-D80D-49B9-9DA9-ECB9852786C2}"
EndProject
Global
	GlobalSection(SolutionConfigurationPlatforms) = preSolution
		Debug|Any CPU = Debug|Any CPU
		Release|Any CPU = Release|Any CPU
	EndGlobalSection
	GlobalSection(ProjectConfigurationPlatforms) = postSolution
		{22F1BD64-06BC-4483-BC72-FAD580EA9B49}.Debug|Any CPU.ActiveCfg = Debug|Any CPU
		{22F1BD64-06BC-4483-BC72-FAD580EA9B49}.Debug|Any CPU.Build.0 = Debug|Any CPU
		{22F1BD64-06BC-4483-BC72-FAD580EA9B49}.Release|Any CPU.ActiveCfg = Release|Any CPU
		{22F1BD64-06BC-4483-BC72-FAD580EA9B49}.Release|Any CPU.Build.0 = Release|Any CPU
		{EE1EC716-C316-49A1-98E4-D9E01A783068}.Debug|Any CPU.ActiveCfg = Debug|Any CPU
		{EE1EC716-C316-49A1-98E4-D9E01A783068}.Debug|Any CPU.Build.0 = Debug|Any CPU
		{EE1EC716-C316-49A1-98E4-D9E01A783068}.Release|Any CPU.ActiveCfg = Release|Any CPU
		{EE1EC716-C316-49A1-98E4-D9E01A783068}.Release|Any CPU.Build.0 = Release|Any CPU
		{C67F96DB-D80D-49B9-9DA9-ECB9852786C2}.Debug|Any CPU.ActiveCfg = Debug|Any CPU
		{C67F96DB-D80D-49B9-9DA9-ECB9852786C2}.Debug|Any CPU.Build.0 = Debug|Any CPU
		{C67F96DB-D80D-49B9-9DA9-ECB9852786C2}.Release|Any CPU.ActiveCfg = Release|Any CPU
		{C67F96DB-D80D-49B9-9DA9-ECB9852786C2}.Release|Any CPU.Build.0 = Release|Any CPU
	EndGlobalSection
	GlobalSection(SolutionProperties) = preSolution
		HideSolutionNode = FALSE
	EndGlobalSection
	GlobalSection(ExtensibilityGlobals) = postSolution
		SolutionGuid = {33F3B4BA-872A-4471-B609-63C43606AC30}
	EndGlobalSection
EndGlobal
